// !$*UTF8*$!
{
	archiveVersion = 1;
	classes = {
	};
	objectVersion = 50;
	objects = {

/* Begin PBXBuildFile section */
		B116109323DCC3D700D7A8C3 /* RxSkeleton.h in Headers */ = {isa = PBXBuildFile; fileRef = B116109123DCC3D700D7A8C3 /* RxSkeleton.h */; settings = {ATTRIBUTES = (Public, ); }; };
		B11610A423DCC40F00D7A8C3 /* RxCollectionViewSkeletonedReloadDataSource.swift in Sources */ = {isa = PBXBuildFile; fileRef = B116109A23DCC40F00D7A8C3 /* RxCollectionViewSkeletonedReloadDataSource.swift */; };
		B11610A523DCC40F00D7A8C3 /* RxCollectionViewSkeletonedAnimatedDataSource.swift in Sources */ = {isa = PBXBuildFile; fileRef = B116109B23DCC40F00D7A8C3 /* RxCollectionViewSkeletonedAnimatedDataSource.swift */; };
		B11610A623DCC40F00D7A8C3 /* ObservableType+Ex.swift in Sources */ = {isa = PBXBuildFile; fileRef = B116109C23DCC40F00D7A8C3 /* ObservableType+Ex.swift */; };
		B11610A723DCC40F00D7A8C3 /* RxTableViewSkeletonedDataSourceProxy.swift in Sources */ = {isa = PBXBuildFile; fileRef = B116109D23DCC40F00D7A8C3 /* RxTableViewSkeletonedDataSourceProxy.swift */; };
		B11610A823DCC40F00D7A8C3 /* RxSkeleton.swift in Sources */ = {isa = PBXBuildFile; fileRef = B116109E23DCC40F00D7A8C3 /* RxSkeleton.swift */; };
		B11610A923DCC40F00D7A8C3 /* UICollectionView+Rx.swift in Sources */ = {isa = PBXBuildFile; fileRef = B116109F23DCC40F00D7A8C3 /* UICollectionView+Rx.swift */; };
		B11610AA23DCC40F00D7A8C3 /* RxCollectionViewSkeletonedDataSourceProxy.swift in Sources */ = {isa = PBXBuildFile; fileRef = B11610A023DCC40F00D7A8C3 /* RxCollectionViewSkeletonedDataSourceProxy.swift */; };
		B11610AB23DCC40F00D7A8C3 /* RxTableViewSkeletonedAnimatedDataSource.swift in Sources */ = {isa = PBXBuildFile; fileRef = B11610A123DCC40F00D7A8C3 /* RxTableViewSkeletonedAnimatedDataSource.swift */; };
		B11610AC23DCC40F00D7A8C3 /* RxTableViewSkeletonedReloadDataSource.swift in Sources */ = {isa = PBXBuildFile; fileRef = B11610A223DCC40F00D7A8C3 /* RxTableViewSkeletonedReloadDataSource.swift */; };
		B11610AD23DCC40F00D7A8C3 /* UITableView+Rx.swift in Sources */ = {isa = PBXBuildFile; fileRef = B11610A323DCC40F00D7A8C3 /* UITableView+Rx.swift */; };
		B11610B523DCC4A800D7A8C3 /* AppDelegate.swift in Sources */ = {isa = PBXBuildFile; fileRef = B11610B423DCC4A800D7A8C3 /* AppDelegate.swift */; };
		B11610B923DCC4A800D7A8C3 /* ViewController.swift in Sources */ = {isa = PBXBuildFile; fileRef = B11610B823DCC4A800D7A8C3 /* ViewController.swift */; };
		B11610BE23DCC4A900D7A8C3 /* Assets.xcassets in Resources */ = {isa = PBXBuildFile; fileRef = B11610BD23DCC4A900D7A8C3 /* Assets.xcassets */; };
		B11610C123DCC4A900D7A8C3 /* LaunchScreen.storyboard in Resources */ = {isa = PBXBuildFile; fileRef = B11610BF23DCC4A900D7A8C3 /* LaunchScreen.storyboard */; };
		B11610C823DCC52900D7A8C3 /* snapshot.gif in Resources */ = {isa = PBXBuildFile; fileRef = B11610C723DCC52900D7A8C3 /* snapshot.gif */; };
		B11610CA23DCC53600D7A8C3 /* LICENSE in Resources */ = {isa = PBXBuildFile; fileRef = B11610C923DCC53600D7A8C3 /* LICENSE */; };
		B11610CC23DCC57C00D7A8C3 /* README.md in Resources */ = {isa = PBXBuildFile; fileRef = B11610CB23DCC57C00D7A8C3 /* README.md */; };
		B11610CE23DCC5FE00D7A8C3 /* CollectionViewCell.swift in Sources */ = {isa = PBXBuildFile; fileRef = B11610CD23DCC5FE00D7A8C3 /* CollectionViewCell.swift */; };
		B11610D023DCC61F00D7A8C3 /* emoticon.png in Resources */ = {isa = PBXBuildFile; fileRef = B11610CF23DCC61F00D7A8C3 /* emoticon.png */; };
		B11610D223DCC65800D7A8C3 /* Main.storyboard in Resources */ = {isa = PBXBuildFile; fileRef = B11610D123DCC65800D7A8C3 /* Main.storyboard */; };
		B116118723DCCF3900D7A8C3 /* ObservableType+Ex.swift in Sources */ = {isa = PBXBuildFile; fileRef = B116109C23DCC40F00D7A8C3 /* ObservableType+Ex.swift */; };
		B116118823DCCF3D00D7A8C3 /* RxCollectionViewSkeletonedAnimatedDataSource.swift in Sources */ = {isa = PBXBuildFile; fileRef = B116109B23DCC40F00D7A8C3 /* RxCollectionViewSkeletonedAnimatedDataSource.swift */; };
		B116118923DCCF3D00D7A8C3 /* RxCollectionViewSkeletonedDataSourceProxy.swift in Sources */ = {isa = PBXBuildFile; fileRef = B11610A023DCC40F00D7A8C3 /* RxCollectionViewSkeletonedDataSourceProxy.swift */; };
		B116118A23DCCF3D00D7A8C3 /* RxCollectionViewSkeletonedReloadDataSource.swift in Sources */ = {isa = PBXBuildFile; fileRef = B116109A23DCC40F00D7A8C3 /* RxCollectionViewSkeletonedReloadDataSource.swift */; };
		B116118B23DCCF3D00D7A8C3 /* RxSkeleton.swift in Sources */ = {isa = PBXBuildFile; fileRef = B116109E23DCC40F00D7A8C3 /* RxSkeleton.swift */; };
		B116118C23DCCF3E00D7A8C3 /* RxTableViewSkeletonedAnimatedDataSource.swift in Sources */ = {isa = PBXBuildFile; fileRef = B11610A123DCC40F00D7A8C3 /* RxTableViewSkeletonedAnimatedDataSource.swift */; };
		B116118D23DCCF3E00D7A8C3 /* RxTableViewSkeletonedDataSourceProxy.swift in Sources */ = {isa = PBXBuildFile; fileRef = B116109D23DCC40F00D7A8C3 /* RxTableViewSkeletonedDataSourceProxy.swift */; };
		B116118E23DCCF3E00D7A8C3 /* RxTableViewSkeletonedReloadDataSource.swift in Sources */ = {isa = PBXBuildFile; fileRef = B11610A223DCC40F00D7A8C3 /* RxTableViewSkeletonedReloadDataSource.swift */; };
		B116118F23DCCF3E00D7A8C3 /* UICollectionView+Rx.swift in Sources */ = {isa = PBXBuildFile; fileRef = B116109F23DCC40F00D7A8C3 /* UICollectionView+Rx.swift */; };
		B116119023DCCF3E00D7A8C3 /* UITableView+Rx.swift in Sources */ = {isa = PBXBuildFile; fileRef = B11610A323DCC40F00D7A8C3 /* UITableView+Rx.swift */; };
		B116123623DD19AC00D7A8C3 /* Cartfile in Resources */ = {isa = PBXBuildFile; fileRef = B116123523DD19AC00D7A8C3 /* Cartfile */; };
		B116124E23DD9BC200D7A8C3 /* RxSkeleton.framework in Frameworks */ = {isa = PBXBuildFile; fileRef = B116108E23DCC3D700D7A8C3 /* RxSkeleton.framework */; };
/* End PBXBuildFile section */

/* Begin PBXFileReference section */
		B116108E23DCC3D700D7A8C3 /* RxSkeleton.framework */ = {isa = PBXFileReference; explicitFileType = wrapper.framework; includeInIndex = 0; path = RxSkeleton.framework; sourceTree = BUILT_PRODUCTS_DIR; };
		B116109123DCC3D700D7A8C3 /* RxSkeleton.h */ = {isa = PBXFileReference; lastKnownFileType = sourcecode.c.h; path = RxSkeleton.h; sourceTree = "<group>"; };
		B116109223DCC3D700D7A8C3 /* Info.plist */ = {isa = PBXFileReference; lastKnownFileType = text.plist.xml; path = Info.plist; sourceTree = "<group>"; };
		B116109A23DCC40F00D7A8C3 /* RxCollectionViewSkeletonedReloadDataSource.swift */ = {isa = PBXFileReference; fileEncoding = 4; lastKnownFileType = sourcecode.swift; path = RxCollectionViewSkeletonedReloadDataSource.swift; sourceTree = "<group>"; };
		B116109B23DCC40F00D7A8C3 /* RxCollectionViewSkeletonedAnimatedDataSource.swift */ = {isa = PBXFileReference; fileEncoding = 4; lastKnownFileType = sourcecode.swift; path = RxCollectionViewSkeletonedAnimatedDataSource.swift; sourceTree = "<group>"; };
		B116109C23DCC40F00D7A8C3 /* ObservableType+Ex.swift */ = {isa = PBXFileReference; fileEncoding = 4; lastKnownFileType = sourcecode.swift; path = "ObservableType+Ex.swift"; sourceTree = "<group>"; };
		B116109D23DCC40F00D7A8C3 /* RxTableViewSkeletonedDataSourceProxy.swift */ = {isa = PBXFileReference; fileEncoding = 4; lastKnownFileType = sourcecode.swift; path = RxTableViewSkeletonedDataSourceProxy.swift; sourceTree = "<group>"; };
		B116109E23DCC40F00D7A8C3 /* RxSkeleton.swift */ = {isa = PBXFileReference; fileEncoding = 4; lastKnownFileType = sourcecode.swift; path = RxSkeleton.swift; sourceTree = "<group>"; };
		B116109F23DCC40F00D7A8C3 /* UICollectionView+Rx.swift */ = {isa = PBXFileReference; fileEncoding = 4; lastKnownFileType = sourcecode.swift; path = "UICollectionView+Rx.swift"; sourceTree = "<group>"; };
		B11610A023DCC40F00D7A8C3 /* RxCollectionViewSkeletonedDataSourceProxy.swift */ = {isa = PBXFileReference; fileEncoding = 4; lastKnownFileType = sourcecode.swift; path = RxCollectionViewSkeletonedDataSourceProxy.swift; sourceTree = "<group>"; };
		B11610A123DCC40F00D7A8C3 /* RxTableViewSkeletonedAnimatedDataSource.swift */ = {isa = PBXFileReference; fileEncoding = 4; lastKnownFileType = sourcecode.swift; path = RxTableViewSkeletonedAnimatedDataSource.swift; sourceTree = "<group>"; };
		B11610A223DCC40F00D7A8C3 /* RxTableViewSkeletonedReloadDataSource.swift */ = {isa = PBXFileReference; fileEncoding = 4; lastKnownFileType = sourcecode.swift; path = RxTableViewSkeletonedReloadDataSource.swift; sourceTree = "<group>"; };
		B11610A323DCC40F00D7A8C3 /* UITableView+Rx.swift */ = {isa = PBXFileReference; fileEncoding = 4; lastKnownFileType = sourcecode.swift; path = "UITableView+Rx.swift"; sourceTree = "<group>"; };
		B11610B223DCC4A800D7A8C3 /* Example.app */ = {isa = PBXFileReference; explicitFileType = wrapper.application; includeInIndex = 0; path = Example.app; sourceTree = BUILT_PRODUCTS_DIR; };
		B11610B423DCC4A800D7A8C3 /* AppDelegate.swift */ = {isa = PBXFileReference; lastKnownFileType = sourcecode.swift; path = AppDelegate.swift; sourceTree = "<group>"; };
		B11610B823DCC4A800D7A8C3 /* ViewController.swift */ = {isa = PBXFileReference; lastKnownFileType = sourcecode.swift; path = ViewController.swift; sourceTree = "<group>"; };
		B11610BD23DCC4A900D7A8C3 /* Assets.xcassets */ = {isa = PBXFileReference; lastKnownFileType = folder.assetcatalog; path = Assets.xcassets; sourceTree = "<group>"; };
		B11610C023DCC4A900D7A8C3 /* Base */ = {isa = PBXFileReference; lastKnownFileType = file.storyboard; name = Base; path = Base.lproj/LaunchScreen.storyboard; sourceTree = "<group>"; };
		B11610C223DCC4A900D7A8C3 /* Info.plist */ = {isa = PBXFileReference; lastKnownFileType = text.plist.xml; path = Info.plist; sourceTree = "<group>"; };
		B11610C723DCC52900D7A8C3 /* snapshot.gif */ = {isa = PBXFileReference; lastKnownFileType = image.gif; path = snapshot.gif; sourceTree = "<group>"; };
		B11610C923DCC53600D7A8C3 /* LICENSE */ = {isa = PBXFileReference; fileEncoding = 4; lastKnownFileType = text; path = LICENSE; sourceTree = "<group>"; };
		B11610CB23DCC57C00D7A8C3 /* README.md */ = {isa = PBXFileReference; fileEncoding = 4; lastKnownFileType = net.daringfireball.markdown; path = README.md; sourceTree = "<group>"; };
		B11610CD23DCC5FE00D7A8C3 /* CollectionViewCell.swift */ = {isa = PBXFileReference; lastKnownFileType = sourcecode.swift; path = CollectionViewCell.swift; sourceTree = "<group>"; };
		B11610CF23DCC61F00D7A8C3 /* emoticon.png */ = {isa = PBXFileReference; lastKnownFileType = image.png; path = emoticon.png; sourceTree = "<group>"; };
		B11610D123DCC65800D7A8C3 /* Main.storyboard */ = {isa = PBXFileReference; fileEncoding = 4; lastKnownFileType = file.storyboard; path = Main.storyboard; sourceTree = "<group>"; };
		B116123523DD19AC00D7A8C3 /* Cartfile */ = {isa = PBXFileReference; fileEncoding = 4; lastKnownFileType = text; path = Cartfile; sourceTree = "<group>"; };
/* End PBXFileReference section */

/* Begin PBXFrameworksBuildPhase section */
		B116108B23DCC3D700D7A8C3 /* Frameworks */ = {
			isa = PBXFrameworksBuildPhase;
			buildActionMask = 2147483647;
			files = (
			);
			runOnlyForDeploymentPostprocessing = 0;
		};
		B11610AF23DCC4A800D7A8C3 /* Frameworks */ = {
			isa = PBXFrameworksBuildPhase;
			buildActionMask = 2147483647;
			files = (
				B116124E23DD9BC200D7A8C3 /* RxSkeleton.framework in Frameworks */,
			);
			runOnlyForDeploymentPostprocessing = 0;
		};
/* End PBXFrameworksBuildPhase section */

/* Begin PBXGroup section */
		B116108423DCC3D700D7A8C3 = {
			isa = PBXGroup;
			children = (
				B11610CB23DCC57C00D7A8C3 /* README.md */,
				B11610C923DCC53600D7A8C3 /* LICENSE */,
				B116123523DD19AC00D7A8C3 /* Cartfile */,
				B11610C623DCC51100D7A8C3 /* preview */,
				B116109923DCC40200D7A8C3 /* Sources */,
				B116109023DCC3D700D7A8C3 /* RxSkeleton */,
				B11610B323DCC4A800D7A8C3 /* Example */,
				B116108F23DCC3D700D7A8C3 /* Products */,
				B116124D23DD9BC200D7A8C3 /* Frameworks */,
			);
			sourceTree = "<group>";
		};
		B116108F23DCC3D700D7A8C3 /* Products */ = {
			isa = PBXGroup;
			children = (
				B116108E23DCC3D700D7A8C3 /* RxSkeleton.framework */,
				B11610B223DCC4A800D7A8C3 /* Example.app */,
			);
			name = Products;
			sourceTree = "<group>";
		};
		B116109023DCC3D700D7A8C3 /* RxSkeleton */ = {
			isa = PBXGroup;
			children = (
				B116109123DCC3D700D7A8C3 /* RxSkeleton.h */,
				B116109223DCC3D700D7A8C3 /* Info.plist */,
			);
			path = RxSkeleton;
			sourceTree = "<group>";
		};
		B116109923DCC40200D7A8C3 /* Sources */ = {
			isa = PBXGroup;
			children = (
				B116109C23DCC40F00D7A8C3 /* ObservableType+Ex.swift */,
				B116109B23DCC40F00D7A8C3 /* RxCollectionViewSkeletonedAnimatedDataSource.swift */,
				B11610A023DCC40F00D7A8C3 /* RxCollectionViewSkeletonedDataSourceProxy.swift */,
				B116109A23DCC40F00D7A8C3 /* RxCollectionViewSkeletonedReloadDataSource.swift */,
				B116109E23DCC40F00D7A8C3 /* RxSkeleton.swift */,
				B11610A123DCC40F00D7A8C3 /* RxTableViewSkeletonedAnimatedDataSource.swift */,
				B116109D23DCC40F00D7A8C3 /* RxTableViewSkeletonedDataSourceProxy.swift */,
				B11610A223DCC40F00D7A8C3 /* RxTableViewSkeletonedReloadDataSource.swift */,
				B116109F23DCC40F00D7A8C3 /* UICollectionView+Rx.swift */,
				B11610A323DCC40F00D7A8C3 /* UITableView+Rx.swift */,
			);
			path = Sources;
			sourceTree = "<group>";
		};
		B11610B323DCC4A800D7A8C3 /* Example */ = {
			isa = PBXGroup;
			children = (
				B11610B423DCC4A800D7A8C3 /* AppDelegate.swift */,
				B11610B823DCC4A800D7A8C3 /* ViewController.swift */,
				B11610CF23DCC61F00D7A8C3 /* emoticon.png */,
				B11610D123DCC65800D7A8C3 /* Main.storyboard */,
				B11610BD23DCC4A900D7A8C3 /* Assets.xcassets */,
				B11610BF23DCC4A900D7A8C3 /* LaunchScreen.storyboard */,
				B11610C223DCC4A900D7A8C3 /* Info.plist */,
				B11610CD23DCC5FE00D7A8C3 /* CollectionViewCell.swift */,
			);
			path = Example;
			sourceTree = "<group>";
		};
		B11610C623DCC51100D7A8C3 /* preview */ = {
			isa = PBXGroup;
			children = (
				B11610C723DCC52900D7A8C3 /* snapshot.gif */,
			);
			path = preview;
			sourceTree = "<group>";
		};
		B116124D23DD9BC200D7A8C3 /* Frameworks */ = {
			isa = PBXGroup;
			children = (
			);
			name = Frameworks;
			sourceTree = "<group>";
		};
/* End PBXGroup section */

/* Begin PBXHeadersBuildPhase section */
		B116108923DCC3D700D7A8C3 /* Headers */ = {
			isa = PBXHeadersBuildPhase;
			buildActionMask = 2147483647;
			files = (
				B116109323DCC3D700D7A8C3 /* RxSkeleton.h in Headers */,
			);
			runOnlyForDeploymentPostprocessing = 0;
		};
/* End PBXHeadersBuildPhase section */

/* Begin PBXNativeTarget section */
		B116108D23DCC3D700D7A8C3 /* RxSkeleton */ = {
			isa = PBXNativeTarget;
			buildConfigurationList = B116109623DCC3D700D7A8C3 /* Build configuration list for PBXNativeTarget "RxSkeleton" */;
			buildPhases = (
				B116108923DCC3D700D7A8C3 /* Headers */,
				B116108A23DCC3D700D7A8C3 /* Sources */,
				B116108B23DCC3D700D7A8C3 /* Frameworks */,
				B116108C23DCC3D700D7A8C3 /* Resources */,
				B116124F23DD9F4500D7A8C3 /* Carthage */,
			);
			buildRules = (
			);
			dependencies = (
			);
			name = RxSkeleton;
			productName = RxSkeleton;
			productReference = B116108E23DCC3D700D7A8C3 /* RxSkeleton.framework */;
			productType = "com.apple.product-type.framework";
		};
		B11610B123DCC4A800D7A8C3 /* Example */ = {
			isa = PBXNativeTarget;
			buildConfigurationList = B11610C323DCC4A900D7A8C3 /* Build configuration list for PBXNativeTarget "Example" */;
			buildPhases = (
				B11610AE23DCC4A800D7A8C3 /* Sources */,
				B11610AF23DCC4A800D7A8C3 /* Frameworks */,
				B11610B023DCC4A800D7A8C3 /* Resources */,
				B116125023DD9FCE00D7A8C3 /* Carthage */,
			);
			buildRules = (
			);
			dependencies = (
			);
			name = Example;
			productName = Example;
			productReference = B11610B223DCC4A800D7A8C3 /* Example.app */;
			productType = "com.apple.product-type.application";
		};
/* End PBXNativeTarget section */

/* Begin PBXProject section */
		B116108523DCC3D700D7A8C3 /* Project object */ = {
			isa = PBXProject;
			attributes = {
				LastSwiftUpdateCheck = 1130;
				LastUpgradeCheck = 1130;
				ORGANIZATIONNAME = "Nikita Petrenkov";
				TargetAttributes = {
					B116108D23DCC3D700D7A8C3 = {
						CreatedOnToolsVersion = 11.3;
						LastSwiftMigration = 1130;
					};
					B11610B123DCC4A800D7A8C3 = {
						CreatedOnToolsVersion = 11.3;
					};
				};
			};
			buildConfigurationList = B116108823DCC3D700D7A8C3 /* Build configuration list for PBXProject "RxSkeleton" */;
			compatibilityVersion = "Xcode 9.3";
			developmentRegion = en;
			hasScannedForEncodings = 0;
			knownRegions = (
				en,
				Base,
			);
			mainGroup = B116108423DCC3D700D7A8C3;
			productRefGroup = B116108F23DCC3D700D7A8C3 /* Products */;
			projectDirPath = "";
			projectRoot = "";
			targets = (
				B116108D23DCC3D700D7A8C3 /* RxSkeleton */,
				B11610B123DCC4A800D7A8C3 /* Example */,
			);
		};
/* End PBXProject section */

/* Begin PBXResourcesBuildPhase section */
		B116108C23DCC3D700D7A8C3 /* Resources */ = {
			isa = PBXResourcesBuildPhase;
			buildActionMask = 2147483647;
			files = (
				B11610CC23DCC57C00D7A8C3 /* README.md in Resources */,
				B11610CA23DCC53600D7A8C3 /* LICENSE in Resources */,
				B116123623DD19AC00D7A8C3 /* Cartfile in Resources */,
				B11610C823DCC52900D7A8C3 /* snapshot.gif in Resources */,
			);
			runOnlyForDeploymentPostprocessing = 0;
		};
		B11610B023DCC4A800D7A8C3 /* Resources */ = {
			isa = PBXResourcesBuildPhase;
			buildActionMask = 2147483647;
			files = (
				B11610C123DCC4A900D7A8C3 /* LaunchScreen.storyboard in Resources */,
				B11610D023DCC61F00D7A8C3 /* emoticon.png in Resources */,
				B11610BE23DCC4A900D7A8C3 /* Assets.xcassets in Resources */,
				B11610D223DCC65800D7A8C3 /* Main.storyboard in Resources */,
			);
			runOnlyForDeploymentPostprocessing = 0;
		};
/* End PBXResourcesBuildPhase section */

/* Begin PBXShellScriptBuildPhase section */
		B116124F23DD9F4500D7A8C3 /* Carthage */ = {
			isa = PBXShellScriptBuildPhase;
			buildActionMask = 2147483647;
			files = (
			);
			inputFileListPaths = (
			);
			inputPaths = (
				"$(SRCROOT)/Carthage/Build/iOS/Differentiator.framework",
				"$(SRCROOT)/Carthage/Build/iOS/RxSwift.framework",
				"$(SRCROOT)/Carthage/Build/iOS/SkeletonView.framework",
				"$(SRCROOT)/Carthage/Build/iOS/RxCocoa.framework",
				"$(SRCROOT)/Carthage/Build/iOS/RxDataSources.framework",
				"$(SRCROOT)/Carthage/Build/iOS/RxRelay.framework",
			);
			name = Carthage;
			outputFileListPaths = (
			);
			outputPaths = (
				"$(BUILT_PRODUCTS_DIR)/$(FRAMEWORKS_FOLDER_PATH)/Differentiator.framework",
				"$(BUILT_PRODUCTS_DIR)/$(FRAMEWORKS_FOLDER_PATH)/RxSwift.framework",
				"$(BUILT_PRODUCTS_DIR)/$(FRAMEWORKS_FOLDER_PATH)/SkeletonView.framework",
				"$(BUILT_PRODUCTS_DIR)/$(FRAMEWORKS_FOLDER_PATH)/RxCocoa.framework",
				"$(BUILT_PRODUCTS_DIR)/$(FRAMEWORKS_FOLDER_PATH)/RxDataSources.framework",
				"$(BUILT_PRODUCTS_DIR)/$(FRAMEWORKS_FOLDER_PATH)/RxRelay.framework",
			);
			runOnlyForDeploymentPostprocessing = 0;
			shellPath = /bin/sh;
			shellScript = "/usr/local/bin/carthage copy-frameworks\n";
		};
		B116125023DD9FCE00D7A8C3 /* Carthage */ = {
			isa = PBXShellScriptBuildPhase;
			buildActionMask = 2147483647;
			files = (
			);
			inputFileListPaths = (
			);
			inputPaths = (
				"$(SRCROOT)/Carthage/Build/iOS/Differentiator.framework",
				"$(SRCROOT)/Carthage/Build/iOS/RxSwift.framework",
				"$(SRCROOT)/Carthage/Build/iOS/SkeletonView.framework",
				"$(SRCROOT)/Carthage/Build/iOS/RxCocoa.framework",
				"$(SRCROOT)/Carthage/Build/iOS/SnapKit.framework",
				"$(SRCROOT)/Carthage/Build/iOS/RxDataSources.framework",
				"$(SRCROOT)/Carthage/Build/iOS/RxRelay.framework",
			);
			name = Carthage;
			outputFileListPaths = (
			);
			outputPaths = (
				"$(BUILT_PRODUCTS_DIR)/$(FRAMEWORKS_FOLDER_PATH)/Differentiator.framework",
				"$(BUILT_PRODUCTS_DIR)/$(FRAMEWORKS_FOLDER_PATH)/RxSwift.framework",
				"$(BUILT_PRODUCTS_DIR)/$(FRAMEWORKS_FOLDER_PATH)/SkeletonView.framework",
				"$(BUILT_PRODUCTS_DIR)/$(FRAMEWORKS_FOLDER_PATH)/RxCocoa.framework",
				"$(BUILT_PRODUCTS_DIR)/$(FRAMEWORKS_FOLDER_PATH)/SnapKit.framework",
				"$(BUILT_PRODUCTS_DIR)/$(FRAMEWORKS_FOLDER_PATH)/RxDataSources.framework",
				"$(BUILT_PRODUCTS_DIR)/$(FRAMEWORKS_FOLDER_PATH)/RxRelay.framework",
			);
			runOnlyForDeploymentPostprocessing = 0;
			shellPath = /bin/sh;
			shellScript = "/usr/local/bin/carthage copy-frameworks\n";
		};
/* End PBXShellScriptBuildPhase section */

/* Begin PBXSourcesBuildPhase section */
		B116108A23DCC3D700D7A8C3 /* Sources */ = {
			isa = PBXSourcesBuildPhase;
			buildActionMask = 2147483647;
			files = (
				B11610A923DCC40F00D7A8C3 /* UICollectionView+Rx.swift in Sources */,
				B11610AD23DCC40F00D7A8C3 /* UITableView+Rx.swift in Sources */,
				B11610AB23DCC40F00D7A8C3 /* RxTableViewSkeletonedAnimatedDataSource.swift in Sources */,
				B11610AA23DCC40F00D7A8C3 /* RxCollectionViewSkeletonedDataSourceProxy.swift in Sources */,
				B11610A623DCC40F00D7A8C3 /* ObservableType+Ex.swift in Sources */,
				B11610AC23DCC40F00D7A8C3 /* RxTableViewSkeletonedReloadDataSource.swift in Sources */,
				B11610A823DCC40F00D7A8C3 /* RxSkeleton.swift in Sources */,
				B11610A723DCC40F00D7A8C3 /* RxTableViewSkeletonedDataSourceProxy.swift in Sources */,
				B11610A523DCC40F00D7A8C3 /* RxCollectionViewSkeletonedAnimatedDataSource.swift in Sources */,
				B11610A423DCC40F00D7A8C3 /* RxCollectionViewSkeletonedReloadDataSource.swift in Sources */,
			);
			runOnlyForDeploymentPostprocessing = 0;
		};
		B11610AE23DCC4A800D7A8C3 /* Sources */ = {
			isa = PBXSourcesBuildPhase;
			buildActionMask = 2147483647;
			files = (
				B116119023DCCF3E00D7A8C3 /* UITableView+Rx.swift in Sources */,
				B116118E23DCCF3E00D7A8C3 /* RxTableViewSkeletonedReloadDataSource.swift in Sources */,
				B116118923DCCF3D00D7A8C3 /* RxCollectionViewSkeletonedDataSourceProxy.swift in Sources */,
				B116118C23DCCF3E00D7A8C3 /* RxTableViewSkeletonedAnimatedDataSource.swift in Sources */,
				B11610B923DCC4A800D7A8C3 /* ViewController.swift in Sources */,
				B116118B23DCCF3D00D7A8C3 /* RxSkeleton.swift in Sources */,
				B116118723DCCF3900D7A8C3 /* ObservableType+Ex.swift in Sources */,
				B116118F23DCCF3E00D7A8C3 /* UICollectionView+Rx.swift in Sources */,
				B11610B523DCC4A800D7A8C3 /* AppDelegate.swift in Sources */,
				B116118823DCCF3D00D7A8C3 /* RxCollectionViewSkeletonedAnimatedDataSource.swift in Sources */,
				B116118D23DCCF3E00D7A8C3 /* RxTableViewSkeletonedDataSourceProxy.swift in Sources */,
				B11610CE23DCC5FE00D7A8C3 /* CollectionViewCell.swift in Sources */,
				B116118A23DCCF3D00D7A8C3 /* RxCollectionViewSkeletonedReloadDataSource.swift in Sources */,
			);
			runOnlyForDeploymentPostprocessing = 0;
		};
/* End PBXSourcesBuildPhase section */

/* Begin PBXVariantGroup section */
		B11610BF23DCC4A900D7A8C3 /* LaunchScreen.storyboard */ = {
			isa = PBXVariantGroup;
			children = (
				B11610C023DCC4A900D7A8C3 /* Base */,
			);
			name = LaunchScreen.storyboard;
			sourceTree = "<group>";
		};
/* End PBXVariantGroup section */

/* Begin XCBuildConfiguration section */
		B116109423DCC3D700D7A8C3 /* Debug */ = {
			isa = XCBuildConfiguration;
			buildSettings = {
				ALWAYS_SEARCH_USER_PATHS = NO;
				CLANG_ANALYZER_NONNULL = YES;
				CLANG_ANALYZER_NUMBER_OBJECT_CONVERSION = YES_AGGRESSIVE;
				CLANG_CXX_LANGUAGE_STANDARD = "gnu++14";
				CLANG_CXX_LIBRARY = "libc++";
				CLANG_ENABLE_MODULES = YES;
				CLANG_ENABLE_OBJC_ARC = YES;
				CLANG_ENABLE_OBJC_WEAK = YES;
				CLANG_WARN_BLOCK_CAPTURE_AUTORELEASING = YES;
				CLANG_WARN_BOOL_CONVERSION = YES;
				CLANG_WARN_COMMA = YES;
				CLANG_WARN_CONSTANT_CONVERSION = YES;
				CLANG_WARN_DEPRECATED_OBJC_IMPLEMENTATIONS = YES;
				CLANG_WARN_DIRECT_OBJC_ISA_USAGE = YES_ERROR;
				CLANG_WARN_DOCUMENTATION_COMMENTS = YES;
				CLANG_WARN_EMPTY_BODY = YES;
				CLANG_WARN_ENUM_CONVERSION = YES;
				CLANG_WARN_INFINITE_RECURSION = YES;
				CLANG_WARN_INT_CONVERSION = YES;
				CLANG_WARN_NON_LITERAL_NULL_CONVERSION = YES;
				CLANG_WARN_OBJC_IMPLICIT_RETAIN_SELF = YES;
				CLANG_WARN_OBJC_LITERAL_CONVERSION = YES;
				CLANG_WARN_OBJC_ROOT_CLASS = YES_ERROR;
				CLANG_WARN_RANGE_LOOP_ANALYSIS = YES;
				CLANG_WARN_STRICT_PROTOTYPES = YES;
				CLANG_WARN_SUSPICIOUS_MOVE = YES;
				CLANG_WARN_UNGUARDED_AVAILABILITY = YES_AGGRESSIVE;
				CLANG_WARN_UNREACHABLE_CODE = YES;
				CLANG_WARN__DUPLICATE_METHOD_MATCH = YES;
				COPY_PHASE_STRIP = NO;
				CURRENT_PROJECT_VERSION = 1;
				DEBUG_INFORMATION_FORMAT = dwarf;
				ENABLE_STRICT_OBJC_MSGSEND = YES;
				ENABLE_TESTABILITY = YES;
				FRAMEWORK_SEARCH_PATHS = (
					"$(inherited)",
					"$(PLATFORM_DIR)/Developer/Library/Frameworks",
					"$(PROJECT_DIR)/Carthage/Build/iOS",
				);
				GCC_C_LANGUAGE_STANDARD = gnu11;
				GCC_DYNAMIC_NO_PIC = NO;
				GCC_NO_COMMON_BLOCKS = YES;
				GCC_OPTIMIZATION_LEVEL = 0;
				GCC_PREPROCESSOR_DEFINITIONS = (
					"DEBUG=1",
					"$(inherited)",
				);
				GCC_WARN_64_TO_32_BIT_CONVERSION = YES;
				GCC_WARN_ABOUT_RETURN_TYPE = YES_ERROR;
				GCC_WARN_UNDECLARED_SELECTOR = YES;
				GCC_WARN_UNINITIALIZED_AUTOS = YES_AGGRESSIVE;
				GCC_WARN_UNUSED_FUNCTION = YES;
				GCC_WARN_UNUSED_VARIABLE = YES;
				IPHONEOS_DEPLOYMENT_TARGET = 11.0;
				MTL_ENABLE_DEBUG_INFO = INCLUDE_SOURCE;
				MTL_FAST_MATH = YES;
				ONLY_ACTIVE_ARCH = YES;
				SDKROOT = iphoneos;
				SWIFT_ACTIVE_COMPILATION_CONDITIONS = DEBUG;
				SWIFT_OPTIMIZATION_LEVEL = "-Onone";
				SWIFT_VERSION = 5.0;
				VALID_ARCHS = "i386 x86_64";
				VERSIONING_SYSTEM = "apple-generic";
				VERSION_INFO_PREFIX = "";
			};
			name = Debug;
		};
		B116109523DCC3D700D7A8C3 /* Release */ = {
			isa = XCBuildConfiguration;
			buildSettings = {
				ALWAYS_SEARCH_USER_PATHS = NO;
				CLANG_ANALYZER_NONNULL = YES;
				CLANG_ANALYZER_NUMBER_OBJECT_CONVERSION = YES_AGGRESSIVE;
				CLANG_CXX_LANGUAGE_STANDARD = "gnu++14";
				CLANG_CXX_LIBRARY = "libc++";
				CLANG_ENABLE_MODULES = YES;
				CLANG_ENABLE_OBJC_ARC = YES;
				CLANG_ENABLE_OBJC_WEAK = YES;
				CLANG_WARN_BLOCK_CAPTURE_AUTORELEASING = YES;
				CLANG_WARN_BOOL_CONVERSION = YES;
				CLANG_WARN_COMMA = YES;
				CLANG_WARN_CONSTANT_CONVERSION = YES;
				CLANG_WARN_DEPRECATED_OBJC_IMPLEMENTATIONS = YES;
				CLANG_WARN_DIRECT_OBJC_ISA_USAGE = YES_ERROR;
				CLANG_WARN_DOCUMENTATION_COMMENTS = YES;
				CLANG_WARN_EMPTY_BODY = YES;
				CLANG_WARN_ENUM_CONVERSION = YES;
				CLANG_WARN_INFINITE_RECURSION = YES;
				CLANG_WARN_INT_CONVERSION = YES;
				CLANG_WARN_NON_LITERAL_NULL_CONVERSION = YES;
				CLANG_WARN_OBJC_IMPLICIT_RETAIN_SELF = YES;
				CLANG_WARN_OBJC_LITERAL_CONVERSION = YES;
				CLANG_WARN_OBJC_ROOT_CLASS = YES_ERROR;
				CLANG_WARN_RANGE_LOOP_ANALYSIS = YES;
				CLANG_WARN_STRICT_PROTOTYPES = YES;
				CLANG_WARN_SUSPICIOUS_MOVE = YES;
				CLANG_WARN_UNGUARDED_AVAILABILITY = YES_AGGRESSIVE;
				CLANG_WARN_UNREACHABLE_CODE = YES;
				CLANG_WARN__DUPLICATE_METHOD_MATCH = YES;
				COPY_PHASE_STRIP = NO;
				CURRENT_PROJECT_VERSION = 1;
				DEBUG_INFORMATION_FORMAT = "dwarf-with-dsym";
				ENABLE_NS_ASSERTIONS = NO;
				ENABLE_STRICT_OBJC_MSGSEND = YES;
				FRAMEWORK_SEARCH_PATHS = (
					"$(inherited)",
					"$(PLATFORM_DIR)/Developer/Library/Frameworks",
					"$(PROJECT_DIR)/Carthage/Build/iOS",
				);
				GCC_C_LANGUAGE_STANDARD = gnu11;
				GCC_NO_COMMON_BLOCKS = YES;
				GCC_WARN_64_TO_32_BIT_CONVERSION = YES;
				GCC_WARN_ABOUT_RETURN_TYPE = YES_ERROR;
				GCC_WARN_UNDECLARED_SELECTOR = YES;
				GCC_WARN_UNINITIALIZED_AUTOS = YES_AGGRESSIVE;
				GCC_WARN_UNUSED_FUNCTION = YES;
				GCC_WARN_UNUSED_VARIABLE = YES;
				IPHONEOS_DEPLOYMENT_TARGET = 11.0;
				MTL_ENABLE_DEBUG_INFO = NO;
				MTL_FAST_MATH = YES;
				SDKROOT = iphoneos;
				SWIFT_COMPILATION_MODE = wholemodule;
				SWIFT_OPTIMIZATION_LEVEL = "-O";
				SWIFT_VERSION = 5.0;
				VALIDATE_PRODUCT = YES;
				VALID_ARCHS = "i386 x86_64";
				VERSIONING_SYSTEM = "apple-generic";
				VERSION_INFO_PREFIX = "";
			};
			name = Release;
		};
		B116109723DCC3D700D7A8C3 /* Debug */ = {
			isa = XCBuildConfiguration;
			buildSettings = {
				APPLICATION_EXTENSION_API_ONLY = YES;
				CLANG_ENABLE_MODULES = YES;
				CODE_SIGN_STYLE = Automatic;
				DEFINES_MODULE = YES;
				DEVELOPMENT_TEAM = "";
				DYLIB_COMPATIBILITY_VERSION = 1;
				DYLIB_CURRENT_VERSION = 1;
				DYLIB_INSTALL_NAME_BASE = "@rpath";
				FRAMEWORK_SEARCH_PATHS = (
					"$(inherited)",
					"$(PROJECT_DIR)/Carthage/Build/iOS",
					"$(PLATFORM_DIR)/Developer/Library/Frameworks",
				);
				INFOPLIST_FILE = RxSkeleton/Info.plist;
				INSTALL_PATH = "$(LOCAL_LIBRARY_DIR)/Frameworks";
				IPHONEOS_DEPLOYMENT_TARGET = 11.0;
				LD_RUNPATH_SEARCH_PATHS = (
					"$(inherited)",
					"@executable_path/Frameworks",
					"@loader_path/Frameworks",
				);
				PRODUCT_BUNDLE_IDENTIFIER = ru.petrenkov.RxSkeleton;
				PRODUCT_NAME = "$(TARGET_NAME:c99extidentifier)";
				SKIP_INSTALL = YES;
				SUPPORTS_MACCATALYST = NO;
				SWIFT_OPTIMIZATION_LEVEL = "-Onone";
				SWIFT_VERSION = 5.0;
				TARGETED_DEVICE_FAMILY = 1;
				VALID_ARCHS = "i386 x86_64";
			};
			name = Debug;
		};
		B116109823DCC3D700D7A8C3 /* Release */ = {
			isa = XCBuildConfiguration;
			buildSettings = {
				APPLICATION_EXTENSION_API_ONLY = YES;
				CLANG_ENABLE_MODULES = YES;
				CODE_SIGN_STYLE = Automatic;
				DEFINES_MODULE = YES;
				DEVELOPMENT_TEAM = "";
				DYLIB_COMPATIBILITY_VERSION = 1;
				DYLIB_CURRENT_VERSION = 1;
				DYLIB_INSTALL_NAME_BASE = "@rpath";
				FRAMEWORK_SEARCH_PATHS = (
					"$(inherited)",
					"$(PROJECT_DIR)/Carthage/Build/iOS",
					"$(PLATFORM_DIR)/Developer/Library/Frameworks",
				);
				INFOPLIST_FILE = RxSkeleton/Info.plist;
				INSTALL_PATH = "$(LOCAL_LIBRARY_DIR)/Frameworks";
				IPHONEOS_DEPLOYMENT_TARGET = 11.0;
				LD_RUNPATH_SEARCH_PATHS = (
					"$(inherited)",
					"@executable_path/Frameworks",
					"@loader_path/Frameworks",
				);
				PRODUCT_BUNDLE_IDENTIFIER = ru.petrenkov.RxSkeleton;
				PRODUCT_NAME = "$(TARGET_NAME:c99extidentifier)";
				SKIP_INSTALL = YES;
				SUPPORTS_MACCATALYST = NO;
				SWIFT_VERSION = 5.0;
				TARGETED_DEVICE_FAMILY = 1;
				VALID_ARCHS = "i386 x86_64";
			};
			name = Release;
		};
		B11610C423DCC4A900D7A8C3 /* Debug */ = {
			isa = XCBuildConfiguration;
			buildSettings = {
				ASSETCATALOG_COMPILER_APPICON_NAME = AppIcon;
				CODE_SIGN_STYLE = Automatic;
				DEVELOPMENT_TEAM = QGN3X8H5QT;
				FRAMEWORK_SEARCH_PATHS = (
					"$(inherited)",
					"$(PROJECT_DIR)/Carthage/Build/iOS",
					"$(PLATFORM_DIR)/Developer/Library/Frameworks",
				);
				INFOPLIST_FILE = Example/Info.plist;
				IPHONEOS_DEPLOYMENT_TARGET = 11.0;
				LD_RUNPATH_SEARCH_PATHS = (
					"$(inherited)",
					"@executable_path/Frameworks",
				);
				PRODUCT_BUNDLE_IDENTIFIER = ru.petrenkov.Example;
				PRODUCT_NAME = "$(TARGET_NAME)";
				SWIFT_VERSION = 5.0;
				TARGETED_DEVICE_FAMILY = 1;
				VALID_ARCHS = "i386 x86_64";
			};
			name = Debug;
		};
		B11610C523DCC4A900D7A8C3 /* Release */ = {
			isa = XCBuildConfiguration;
			buildSettings = {
				ASSETCATALOG_COMPILER_APPICON_NAME = AppIcon;
				CODE_SIGN_STYLE = Automatic;
				DEVELOPMENT_TEAM = QGN3X8H5QT;
				FRAMEWORK_SEARCH_PATHS = (
					"$(inherited)",
					"$(PROJECT_DIR)/Carthage/Build/iOS",
					"$(PLATFORM_DIR)/Developer/Library/Frameworks",
				);
				INFOPLIST_FILE = Example/Info.plist;
				IPHONEOS_DEPLOYMENT_TARGET = 11.0;
				LD_RUNPATH_SEARCH_PATHS = (
					"$(inherited)",
					"@executable_path/Frameworks",
				);
				PRODUCT_BUNDLE_IDENTIFIER = ru.petrenkov.Example;
				PRODUCT_NAME = "$(TARGET_NAME)";
				SWIFT_VERSION = 5.0;
				TARGETED_DEVICE_FAMILY = 1;
				VALID_ARCHS = "i386 x86_64";
			};
			name = Release;
		};
/* End XCBuildConfiguration section */

/* Begin XCConfigurationList section */
		B116108823DCC3D700D7A8C3 /* Build configuration list for PBXProject "RxSkeleton" */ = {
			isa = XCConfigurationList;
			buildConfigurations = (
				B116109423DCC3D700D7A8C3 /* Debug */,
				B116109523DCC3D700D7A8C3 /* Release */,
			);
			defaultConfigurationIsVisible = 0;
			defaultConfigurationName = Release;
		};
		B116109623DCC3D700D7A8C3 /* Build configuration list for PBXNativeTarget "RxSkeleton" */ = {
			isa = XCConfigurationList;
			buildConfigurations = (
				B116109723DCC3D700D7A8C3 /* Debug */,
				B116109823DCC3D700D7A8C3 /* Release */,
			);
			defaultConfigurationIsVisible = 0;
			defaultConfigurationName = Release;
		};
		B11610C323DCC4A900D7A8C3 /* Build configuration list for PBXNativeTarget "Example" */ = {
			isa = XCConfigurationList;
			buildConfigurations = (
				B11610C423DCC4A900D7A8C3 /* Debug */,
				B11610C523DCC4A900D7A8C3 /* Release */,
			);
			defaultConfigurationIsVisible = 0;
			defaultConfigurationName = Release;
		};
/* End XCConfigurationList section */
	};
	rootObject = B116108523DCC3D700D7A8C3 /* Project object */;
}
